
Microsoft Visual Studio Solution File, Format Version 12.00
# Visual Studio Version 16
VisualStudioVersion = 16.0.29709.97
MinimumVisualStudioVersion = 10.0.40219.1
Project("{FAE04EC0-301F-11D3-BF4B-00C04F79EFBC}") = "RemoveSpaceAndNewline", "RemoveSpaceAndNewline\RemoveSpaceAndNewline.csproj", "{021048F2-8B63-4882-9552-4C96F70009E8}"
EndProject
Global
	GlobalSection(SolutionConfigurationPlatforms) = preSolution
		Debug|Any CPU = Debug|Any CPU
		Release|Any CPU = Release|Any CPU
	EndGlobalSection
	GlobalSection(ProjectConfigurationPlatforms) = postSolution
		{021048F2-8B63-4882-9552-4C96F70009E8}.Debug|Any CPU.ActiveCfg = Debug|Any CPU
		{021048F2-8B63-4882-9552-4C96F70009E8}.Debug|Any CPU.Build.0 = Debug|Any CPU
		{021048F2-8B63-4882-9552-4C96F70009E8}.Release|Any CPU.ActiveCfg = Release|Any CPU
		{021048F2-8B63-4882-9552-4C96F70009E8}.Release|Any CPU.Build.0 = Release|Any CPU
	EndGlobalSection
	GlobalSection(SolutionProperties) = preSolution
		HideSolutionNode = FALSE
	EndGlobalSection
	GlobalSection(ExtensibilityGlobals) = postSolution
		SolutionGuid = {CE1E21C7-66F5-4A41-8229-C4F344662A89}
	EndGlobalSection
EndGlobal
